
Microsoft Visual Studio Solution File, Format Version 12.00
# Visual Studio Version 17
VisualStudioVersion = 17.2.32519.379
MinimumVisualStudioVersion = 10.0.40219.1
Project("{9A19103F-16F7-4668-BE54-9A1E7A4F7556}") = "ProjectK", "ProjectK.csproj", "{3C9DB698-005F-4F88-BDBD-901183B19107}"
EndProject
Global
	GlobalSection(SolutionConfigurationPlatforms) = preSolution
		Debug|Any CPU = Debug|Any CPU
		Release|Any CPU = Release|Any CPU
	EndGlobalSection
	GlobalSection(ProjectConfigurationPlatforms) = postSolution
		{3C9DB698-005F-4F88-BDBD-901183B19107}.Debug|Any CPU.ActiveCfg = Debug|Any CPU
		{3C9DB698-005F-4F88-BDBD-901183B19107}.Debug|Any CPU.Build.0 = Debug|Any CPU
		{3C9DB698-005F-4F88-BDBD-901183B19107}.Release|Any CPU.ActiveCfg = Release|Any CPU
		{3C9DB698-005F-4F88-BDBD-901183B19107}.Release|Any CPU.Build.0 = Release|Any CPU
	EndGlobalSection
	GlobalSection(SolutionProperties) = preSolution
		HideSolutionNode = FALSE
	EndGlobalSection
	GlobalSection(ExtensibilityGlobals) = postSolution
		SolutionGuid = {599AC2BF-E761-4669-8E6E-D4E892164E93}
	EndGlobalSection
EndGlobal
